
Microsoft Visual Studio Solution File, Format Version 12.00
# Visual Studio Version 17
VisualStudioVersion = 17.3.32825.248
MinimumVisualStudioVersion = 10.0.40219.1
Project("{FAE04EC0-301F-11D3-BF4B-00C04F79EFBC}") = "nombre_magic", "nombre_magic\nombre_magic.csproj", "{6FE988D1-F295-4510-AA5C-907A291DB08D}"
EndProject
Global
	GlobalSection(SolutionConfigurationPlatforms) = preSolution
		Debug|Any CPU = Debug|Any CPU
		Release|Any CPU = Release|Any CPU
	EndGlobalSection
	GlobalSection(ProjectConfigurationPlatforms) = postSolution
		{6FE988D1-F295-4510-AA5C-907A291DB08D}.Debug|Any CPU.ActiveCfg = Debug|Any CPU
		{6FE988D1-F295-4510-AA5C-907A291DB08D}.Debug|Any CPU.Build.0 = Debug|Any CPU
		{6FE988D1-F295-4510-AA5C-907A291DB08D}.Release|Any CPU.ActiveCfg = Release|Any CPU
		{6FE988D1-F295-4510-AA5C-907A291DB08D}.Release|Any CPU.Build.0 = Release|Any CPU
	EndGlobalSection
	GlobalSection(SolutionProperties) = preSolution
		HideSolutionNode = FALSE
	EndGlobalSection
	GlobalSection(ExtensibilityGlobals) = postSolution
		SolutionGuid = {667898CB-BA2F-4FCC-ADFB-D6B1C7D8E1C9}
	EndGlobalSection
EndGlobal
